
Microsoft Visual Studio Solution File, Format Version 12.00
# Visual Studio 15
VisualStudioVersion = 15.0.34320.172
MinimumVisualStudioVersion = 10.0.40219.1
Project("{E24C65DC-7377-472B-9ABA-BC803B73C61A}") = "Registration", "Registration\", "{B7631C99-5B97-44BF-AE4C-D3FAEE251EEF}"
	ProjectSection(WebsiteProperties) = preProject
		TargetFrameworkMoniker = ".NETFramework,Version%3Dv4.6.1"
		Debug.AspNetCompiler.VirtualPath = "/localhost_54918"
		Debug.AspNetCompiler.PhysicalPath = "Registration\"
		Debug.AspNetCompiler.TargetPath = "PrecompiledWeb\localhost_54918\"
		Debug.AspNetCompiler.Updateable = "true"
		Debug.AspNetCompiler.ForceOverwrite = "true"
		Debug.AspNetCompiler.FixedNames = "false"
		Debug.AspNetCompiler.Debug = "True"
		Release.AspNetCompiler.VirtualPath = "/localhost_54918"
		Release.AspNetCompiler.PhysicalPath = "Registration\"
		Release.AspNetCompiler.TargetPath = "PrecompiledWeb\localhost_54918\"
		Release.AspNetCompiler.Updateable = "true"
		Release.AspNetCompiler.ForceOverwrite = "true"
		Release.AspNetCompiler.FixedNames = "false"
		Release.AspNetCompiler.Debug = "False"
		VWDPort = "54918"
		SlnRelativePath = "Registration\"
		DefaultWebSiteLanguage = "Visual C#"
	EndProjectSection
EndProject
Global
	GlobalSection(SolutionConfigurationPlatforms) = preSolution
		Debug|Any CPU = Debug|Any CPU
	EndGlobalSection
	GlobalSection(ProjectConfigurationPlatforms) = postSolution
		{B7631C99-5B97-44BF-AE4C-D3FAEE251EEF}.Debug|Any CPU.ActiveCfg = Debug|Any CPU
		{B7631C99-5B97-44BF-AE4C-D3FAEE251EEF}.Debug|Any CPU.Build.0 = Debug|Any CPU
	EndGlobalSection
	GlobalSection(SolutionProperties) = preSolution
		HideSolutionNode = FALSE
	EndGlobalSection
	GlobalSection(ExtensibilityGlobals) = postSolution
		SolutionGuid = {FDDB4C2E-F443-4FF7-B7E8-65650E6F14CF}
	EndGlobalSection
EndGlobal
